
Microsoft Visual Studio Solution File, Format Version 12.00
# Visual Studio Version 17
VisualStudioVersion = 17.6.33723.286
MinimumVisualStudioVersion = 10.0.40219.1
Project("{FAE04EC0-301F-11D3-BF4B-00C04F79EFBC}") = "Gestion_Pharmacie", "Gestion_Pharmacie.csproj", "{5413BDD6-307C-4274-9068-53F723AD409E}"
EndProject
Global
	GlobalSection(SolutionConfigurationPlatforms) = preSolution
		Debug|Any CPU = Debug|Any CPU
		Release|Any CPU = Release|Any CPU
	EndGlobalSection
	GlobalSection(ProjectConfigurationPlatforms) = postSolution
		{5413BDD6-307C-4274-9068-53F723AD409E}.Debug|Any CPU.ActiveCfg = Debug|Any CPU
		{5413BDD6-307C-4274-9068-53F723AD409E}.Debug|Any CPU.Build.0 = Debug|Any CPU
		{5413BDD6-307C-4274-9068-53F723AD409E}.Release|Any CPU.ActiveCfg = Release|Any CPU
		{5413BDD6-307C-4274-9068-53F723AD409E}.Release|Any CPU.Build.0 = Release|Any CPU
	EndGlobalSection
	GlobalSection(SolutionProperties) = preSolution
		HideSolutionNode = FALSE
	EndGlobalSection
	GlobalSection(ExtensibilityGlobals) = postSolution
		SolutionGuid = {CB847AFF-D62A-41E8-BC56-B4731719D3B1}
	EndGlobalSection
EndGlobal
